github.com/d3vi1/helianthus-ebusgo v0.0.0-20260201200950-6fa99f8750e2 h1:5htyCCOyGQkri38j9M5o4frFnhhy0hF9YZeAkAihw6c=
github.com/d3vi1/helianthus-ebusgo v0.0.0-20260201200950-6fa99f8750e2/go.mod h1:WVYXygxQrRS/FMsQm9h04pQbJp6zoVyY4scq1ps3OS8=
github.com/d3vi1/helianthus-ebusreg v0.0.0-20260201212610-32c2b7eeec50 h1:y0fv+QOfxFZhgmSiNbr8U2WvFyVHn5L/bqBLRNqRrFQ=
github.com/d3vi1/helianthus-ebusreg v0.0.0-20260201212610-32c2b7eeec50/go.mod h1:W9ZtSpWXmA60YD5PeGKmL9CO93Eqj48iugtgslAFkf0=
github.com/graphql-go/graphql v0.8.1 h1:p7/Ou/WpmulocJeEx7wjQy611rtXGQaAcXGqanuMMgc=
github.com/graphql-go/graphql v0.8.1/go.mod h1:nKiHzRM0qopJEwCITUuIsxk9PlVlwIiiI8pnJEhordQ=
github.com/graphql-go/handler v0.2.4 h1:gz9q11TUHPNUpqzV8LMa+rkqM5NUuH/nkE3oF2LS3rI=
github.com/graphql-go/handler v0.2.4/go.mod h1:gsQlb4gDvURR0bgN8vWQEh+s5vJALM2lYL3n3cf6OxQ=
github.com/machinebox/graphql v0.2.2 h1:dWKpJligYKhYKO5A2gvNhkJdQMNZeChZYyBbrZkBZfo=
github.com/machinebox/graphql v0.2.2/go.mod h1:F+kbVMHuwrQ5tYgU9JXlnskM8nOaFxCAEolaQybkjWA=
github.com/matryer/is v1.4.1 h1:55ehd8zaGABKLXQUe2awZ99BD/PTc2ls+KV/dXphgEQ=
github.com/matryer/is v1.4.1/go.mod h1:8I/i5uYgLzgsgEloJE1U6xx5HkBQpAZvepWuujKwMRU=
github.com/pkg/errors v0.9.1 h1:FEBLx1zS214owpjy7qsBeixbURkuhQAwrK5UwLGTwt4=
github.com/pkg/errors v0.9.1/go.mod h1:bwawxfHBFNV+L2hUp1rHADufV3IMtnDRdf1r5NINEl0=
